
Microsoft Visual Studio Solution File, Format Version 11.00
# Visual Studio 2010
Project("{FAE04EC0-301F-11D3-BF4B-00C04F79EFBC}") = "Sambung Jalan", "Assembly-CSharp.csproj", "{F8F6B028-D1EB-F9A0-4A5C-8894E0673B0A}"
EndProject
Global
	GlobalSection(SolutionConfigurationPlatforms) = preSolution
		Debug|Any CPU = Debug|Any CPU
		Release|Any CPU = Release|Any CPU
	EndGlobalSection
	GlobalSection(ProjectConfigurationPlatforms) = postSolution
		{F8F6B028-D1EB-F9A0-4A5C-8894E0673B0A}.Debug|Any CPU.ActiveCfg = Debug|Any CPU
		{F8F6B028-D1EB-F9A0-4A5C-8894E0673B0A}.Debug|Any CPU.Build.0 = Debug|Any CPU
		{F8F6B028-D1EB-F9A0-4A5C-8894E0673B0A}.Release|Any CPU.ActiveCfg = Release|Any CPU
		{F8F6B028-D1EB-F9A0-4A5C-8894E0673B0A}.Release|Any CPU.Build.0 = Release|Any CPU
	EndGlobalSection
	GlobalSection(SolutionProperties) = preSolution
		HideSolutionNode = FALSE
	EndGlobalSection
	GlobalSection(MonoDevelopProperties) = preSolution
		StartupItem = Assembly-CSharp.csproj
	EndGlobalSection
EndGlobal
